
Microsoft Visual Studio Solution File, Format Version 12.00
# Visual Studio Version 16
VisualStudioVersion = 16.0.29728.190
MinimumVisualStudioVersion = 10.0.40219.1
Project("{FAE04EC0-301F-11D3-BF4B-00C04F79EFBC}") = "Web.Razor", "Web\Web.Razor.csproj", "{ED973861-DE4F-4863-B714-D85981EA7EF2}"
EndProject
Project("{FAE04EC0-301F-11D3-BF4B-00C04F79EFBC}") = "Web.Mvc", "Web.Mvc\Web.Mvc.csproj", "{721E7EB2-0F55-49E8-8DF9-11B25A94A2E4}"
EndProject
Project("{FAE04EC0-301F-11D3-BF4B-00C04F79EFBC}") = "Web.Api", "Web.Api\Web.Api.csproj", "{7587CC70-B661-4CE6-8530-E5D26B084C42}"
EndProject
Project("{FAE04EC0-301F-11D3-BF4B-00C04F79EFBC}") = "Web.React", "WebApplication1\Web.React.csproj", "{3F87AD98-98BB-4D8D-A46C-CCA9E66B4B72}"
EndProject
Project("{FAE04EC0-301F-11D3-BF4B-00C04F79EFBC}") = "Empty", "Empty\Empty.csproj", "{9FBBCA26-567D-42DA-B797-C40EBFF71F9C}"
EndProject
Global
	GlobalSection(SolutionConfigurationPlatforms) = preSolution
		Debug|Any CPU = Debug|Any CPU
		Release|Any CPU = Release|Any CPU
	EndGlobalSection
	GlobalSection(ProjectConfigurationPlatforms) = postSolution
		{ED973861-DE4F-4863-B714-D85981EA7EF2}.Debug|Any CPU.ActiveCfg = Debug|Any CPU
		{ED973861-DE4F-4863-B714-D85981EA7EF2}.Debug|Any CPU.Build.0 = Debug|Any CPU
		{ED973861-DE4F-4863-B714-D85981EA7EF2}.Release|Any CPU.ActiveCfg = Release|Any CPU
		{ED973861-DE4F-4863-B714-D85981EA7EF2}.Release|Any CPU.Build.0 = Release|Any CPU
		{721E7EB2-0F55-49E8-8DF9-11B25A94A2E4}.Debug|Any CPU.ActiveCfg = Debug|Any CPU
		{721E7EB2-0F55-49E8-8DF9-11B25A94A2E4}.Debug|Any CPU.Build.0 = Debug|Any CPU
		{721E7EB2-0F55-49E8-8DF9-11B25A94A2E4}.Release|Any CPU.ActiveCfg = Release|Any CPU
		{721E7EB2-0F55-49E8-8DF9-11B25A94A2E4}.Release|Any CPU.Build.0 = Release|Any CPU
		{7587CC70-B661-4CE6-8530-E5D26B084C42}.Debug|Any CPU.ActiveCfg = Debug|Any CPU
		{7587CC70-B661-4CE6-8530-E5D26B084C42}.Debug|Any CPU.Build.0 = Debug|Any CPU
		{7587CC70-B661-4CE6-8530-E5D26B084C42}.Release|Any CPU.ActiveCfg = Release|Any CPU
		{7587CC70-B661-4CE6-8530-E5D26B084C42}.Release|Any CPU.Build.0 = Release|Any CPU
		{3F87AD98-98BB-4D8D-A46C-CCA9E66B4B72}.Debug|Any CPU.ActiveCfg = Debug|Any CPU
		{3F87AD98-98BB-4D8D-A46C-CCA9E66B4B72}.Debug|Any CPU.Build.0 = Debug|Any CPU
		{3F87AD98-98BB-4D8D-A46C-CCA9E66B4B72}.Release|Any CPU.ActiveCfg = Release|Any CPU
		{3F87AD98-98BB-4D8D-A46C-CCA9E66B4B72}.Release|Any CPU.Build.0 = Release|Any CPU
		{9FBBCA26-567D-42DA-B797-C40EBFF71F9C}.Debug|Any CPU.ActiveCfg = Debug|Any CPU
		{9FBBCA26-567D-42DA-B797-C40EBFF71F9C}.Debug|Any CPU.Build.0 = Debug|Any CPU
		{9FBBCA26-567D-42DA-B797-C40EBFF71F9C}.Release|Any CPU.ActiveCfg = Release|Any CPU
		{9FBBCA26-567D-42DA-B797-C40EBFF71F9C}.Release|Any CPU.Build.0 = Release|Any CPU
	EndGlobalSection
	GlobalSection(SolutionProperties) = preSolution
		HideSolutionNode = FALSE
	EndGlobalSection
	GlobalSection(ExtensibilityGlobals) = postSolution
		SolutionGuid = {86218765-BCE1-4462-AB39-9C522CB8EB76}
	EndGlobalSection
EndGlobal
